
Microsoft Visual Studio Solution File, Format Version 12.00
# Visual Studio 15
VisualStudioVersion = 15.0.27130.2010
MinimumVisualStudioVersion = 10.0.40219.1
Project("{FAE04EC0-301F-11D3-BF4B-00C04F79EFBC}") = "again", "again\again.csproj", "{1AE76C3A-9CF4-4F36-B73B-C9BE19FF8FFD}"
EndProject
Global
	GlobalSection(SolutionConfigurationPlatforms) = preSolution
		Debug|Any CPU = Debug|Any CPU
		Release|Any CPU = Release|Any CPU
	EndGlobalSection
	GlobalSection(ProjectConfigurationPlatforms) = postSolution
		{1AE76C3A-9CF4-4F36-B73B-C9BE19FF8FFD}.Debug|Any CPU.ActiveCfg = Debug|Any CPU
		{1AE76C3A-9CF4-4F36-B73B-C9BE19FF8FFD}.Debug|Any CPU.Build.0 = Debug|Any CPU
		{1AE76C3A-9CF4-4F36-B73B-C9BE19FF8FFD}.Release|Any CPU.ActiveCfg = Release|Any CPU
		{1AE76C3A-9CF4-4F36-B73B-C9BE19FF8FFD}.Release|Any CPU.Build.0 = Release|Any CPU
	EndGlobalSection
	GlobalSection(SolutionProperties) = preSolution
		HideSolutionNode = FALSE
	EndGlobalSection
	GlobalSection(ExtensibilityGlobals) = postSolution
		SolutionGuid = {7BD2393F-ED86-4ECD-BD54-E02A4EFC39CF}
	EndGlobalSection
EndGlobal
