
Microsoft Visual Studio Solution File, Format Version 12.00
# Visual Studio 15
VisualStudioVersion = 15.0.27130.2010
MinimumVisualStudioVersion = 10.0.40219.1
Project("{FAE04EC0-301F-11D3-BF4B-00C04F79EFBC}") = "sec", "sec\sec.csproj", "{9BE9917A-0DB9-4E81-B6ED-7B5313693B4D}"
EndProject
Global
	GlobalSection(SolutionConfigurationPlatforms) = preSolution
		Debug|Any CPU = Debug|Any CPU
		Release|Any CPU = Release|Any CPU
	EndGlobalSection
	GlobalSection(ProjectConfigurationPlatforms) = postSolution
		{9BE9917A-0DB9-4E81-B6ED-7B5313693B4D}.Debug|Any CPU.ActiveCfg = Debug|Any CPU
		{9BE9917A-0DB9-4E81-B6ED-7B5313693B4D}.Debug|Any CPU.Build.0 = Debug|Any CPU
		{9BE9917A-0DB9-4E81-B6ED-7B5313693B4D}.Release|Any CPU.ActiveCfg = Release|Any CPU
		{9BE9917A-0DB9-4E81-B6ED-7B5313693B4D}.Release|Any CPU.Build.0 = Release|Any CPU
	EndGlobalSection
	GlobalSection(SolutionProperties) = preSolution
		HideSolutionNode = FALSE
	EndGlobalSection
	GlobalSection(ExtensibilityGlobals) = postSolution
		SolutionGuid = {6E6FDB37-8C70-468A-AB08-799AF1ADC6AF}
	EndGlobalSection
EndGlobal
