
Microsoft Visual Studio Solution File, Format Version 12.00
# Visual Studio 15
VisualStudioVersion = 15.0.27130.2010
MinimumVisualStudioVersion = 10.0.40219.1
Project("{FAE04EC0-301F-11D3-BF4B-00C04F79EFBC}") = "director", "director\director.csproj", "{004CF8F6-D59F-453E-BD7A-78CBE7365AA1}"
EndProject
Global
	GlobalSection(SolutionConfigurationPlatforms) = preSolution
		Debug|Any CPU = Debug|Any CPU
		Release|Any CPU = Release|Any CPU
	EndGlobalSection
	GlobalSection(ProjectConfigurationPlatforms) = postSolution
		{004CF8F6-D59F-453E-BD7A-78CBE7365AA1}.Debug|Any CPU.ActiveCfg = Debug|Any CPU
		{004CF8F6-D59F-453E-BD7A-78CBE7365AA1}.Debug|Any CPU.Build.0 = Debug|Any CPU
		{004CF8F6-D59F-453E-BD7A-78CBE7365AA1}.Release|Any CPU.ActiveCfg = Release|Any CPU
		{004CF8F6-D59F-453E-BD7A-78CBE7365AA1}.Release|Any CPU.Build.0 = Release|Any CPU
	EndGlobalSection
	GlobalSection(SolutionProperties) = preSolution
		HideSolutionNode = FALSE
	EndGlobalSection
	GlobalSection(ExtensibilityGlobals) = postSolution
		SolutionGuid = {189A43A9-932D-41D6-A594-835E0BA936D3}
	EndGlobalSection
EndGlobal
