
Microsoft Visual Studio Solution File, Format Version 12.00
# Visual Studio 15
VisualStudioVersion = 15.0.27130.2010
MinimumVisualStudioVersion = 10.0.40219.1
Project("{FAE04EC0-301F-11D3-BF4B-00C04F79EFBC}") = "w34", "w34\w34.csproj", "{88C2FE12-B073-4CA1-B9F1-4836F34C516D}"
EndProject
Global
	GlobalSection(SolutionConfigurationPlatforms) = preSolution
		Debug|Any CPU = Debug|Any CPU
		Release|Any CPU = Release|Any CPU
	EndGlobalSection
	GlobalSection(ProjectConfigurationPlatforms) = postSolution
		{88C2FE12-B073-4CA1-B9F1-4836F34C516D}.Debug|Any CPU.ActiveCfg = Debug|Any CPU
		{88C2FE12-B073-4CA1-B9F1-4836F34C516D}.Debug|Any CPU.Build.0 = Debug|Any CPU
		{88C2FE12-B073-4CA1-B9F1-4836F34C516D}.Release|Any CPU.ActiveCfg = Release|Any CPU
		{88C2FE12-B073-4CA1-B9F1-4836F34C516D}.Release|Any CPU.Build.0 = Release|Any CPU
	EndGlobalSection
	GlobalSection(SolutionProperties) = preSolution
		HideSolutionNode = FALSE
	EndGlobalSection
	GlobalSection(ExtensibilityGlobals) = postSolution
		SolutionGuid = {37AD8458-1661-42B5-84E8-691521A25CF1}
	EndGlobalSection
EndGlobal
