
Microsoft Visual Studio Solution File, Format Version 12.00
# Visual Studio 15
VisualStudioVersion = 15.0.27130.2010
MinimumVisualStudioVersion = 10.0.40219.1
Project("{FAE04EC0-301F-11D3-BF4B-00C04F79EFBC}") = "Xml", "Xml\Xml.csproj", "{DBD5904A-24F9-4B78-A7AF-DEB833BCB4D4}"
EndProject
Global
	GlobalSection(SolutionConfigurationPlatforms) = preSolution
		Debug|Any CPU = Debug|Any CPU
		Release|Any CPU = Release|Any CPU
	EndGlobalSection
	GlobalSection(ProjectConfigurationPlatforms) = postSolution
		{DBD5904A-24F9-4B78-A7AF-DEB833BCB4D4}.Debug|Any CPU.ActiveCfg = Debug|Any CPU
		{DBD5904A-24F9-4B78-A7AF-DEB833BCB4D4}.Debug|Any CPU.Build.0 = Debug|Any CPU
		{DBD5904A-24F9-4B78-A7AF-DEB833BCB4D4}.Release|Any CPU.ActiveCfg = Release|Any CPU
		{DBD5904A-24F9-4B78-A7AF-DEB833BCB4D4}.Release|Any CPU.Build.0 = Release|Any CPU
	EndGlobalSection
	GlobalSection(SolutionProperties) = preSolution
		HideSolutionNode = FALSE
	EndGlobalSection
	GlobalSection(ExtensibilityGlobals) = postSolution
		SolutionGuid = {C57B7DC3-C61A-4978-9BDA-8EBFBCD8D660}
	EndGlobalSection
EndGlobal
